
Microsoft Visual Studio Solution File, Format Version 12.00
# Visual Studio 15
VisualStudioVersion = 15.0.26430.14
MinimumVisualStudioVersion = 10.0.40219.1
Project("{FAE04EC0-301F-11D3-BF4B-00C04F79EFBC}") = "FortyOne.AudioSwitcher.GUI", "FortyOne.AudioSwitcher\FortyOne.AudioSwitcher.GUI.csproj", "{6D5622FD-B609-40E2-8E01-1B619752867E}"
EndProject
Project("{FAE04EC0-301F-11D3-BF4B-00C04F79EFBC}") = "FortyOne.AudioSwitcher.AutoUpdater", "FortyOne.AudioSwitcher.AutoUpdater\FortyOne.AudioSwitcher.AutoUpdater.csproj", "{EE863E6B-0256-44E9-83FB-D3A3DDE62B40}"
EndProject
Global
	GlobalSection(SolutionConfigurationPlatforms) = preSolution
		Debug|Any CPU = Debug|Any CPU
		Debug|x64 = Debug|x64
		Debug|x86 = Debug|x86
		Release|Any CPU = Release|Any CPU
		Release|x64 = Release|x64
		Release|x86 = Release|x86
	EndGlobalSection
	GlobalSection(ProjectConfigurationPlatforms) = postSolution
		{6D5622FD-B609-40E2-8E01-1B619752867E}.Debug|Any CPU.ActiveCfg = Debug|Any CPU
		{6D5622FD-B609-40E2-8E01-1B619752867E}.Debug|Any CPU.Build.0 = Debug|Any CPU
		{6D5622FD-B609-40E2-8E01-1B619752867E}.Debug|x64.ActiveCfg = Debug|x86
		{6D5622FD-B609-40E2-8E01-1B619752867E}.Debug|x86.ActiveCfg = Debug|x86
		{6D5622FD-B609-40E2-8E01-1B619752867E}.Debug|x86.Build.0 = Debug|x86
		{6D5622FD-B609-40E2-8E01-1B619752867E}.Release|Any CPU.ActiveCfg = Release|Any CPU
		{6D5622FD-B609-40E2-8E01-1B619752867E}.Release|Any CPU.Build.0 = Release|Any CPU
		{6D5622FD-B609-40E2-8E01-1B619752867E}.Release|x64.ActiveCfg = Release|Any CPU
		{6D5622FD-B609-40E2-8E01-1B619752867E}.Release|x64.Build.0 = Release|Any CPU
		{6D5622FD-B609-40E2-8E01-1B619752867E}.Release|x86.ActiveCfg = Release|Any CPU
		{6D5622FD-B609-40E2-8E01-1B619752867E}.Release|x86.Build.0 = Release|Any CPU
		{EE863E6B-0256-44E9-83FB-D3A3DDE62B40}.Debug|Any CPU.ActiveCfg = Debug|x86
		{EE863E6B-0256-44E9-83FB-D3A3DDE62B40}.Debug|x64.ActiveCfg = Debug|x86
		{EE863E6B-0256-44E9-83FB-D3A3DDE62B40}.Debug|x86.ActiveCfg = Debug|x86
		{EE863E6B-0256-44E9-83FB-D3A3DDE62B40}.Debug|x86.Build.0 = Debug|x86
		{EE863E6B-0256-44E9-83FB-D3A3DDE62B40}.Release|Any CPU.ActiveCfg = Release|x86
		{EE863E6B-0256-44E9-83FB-D3A3DDE62B40}.Release|x64.ActiveCfg = Release|x86
		{EE863E6B-0256-44E9-83FB-D3A3DDE62B40}.Release|x86.ActiveCfg = Release|x86
		{EE863E6B-0256-44E9-83FB-D3A3DDE62B40}.Release|x86.Build.0 = Release|x86
	EndGlobalSection
	GlobalSection(SolutionProperties) = preSolution
		HideSolutionNode = FALSE
	EndGlobalSection
EndGlobal
